
Microsoft Visual Studio Solution File, Format Version 12.00
Project("{FAE04EC0-301F-11D3-BF4B-00C04F79EFBC}") = "Controller", "Controller\Controller.csproj", "{A14D96F5-1478-4A5D-8014-7C0A7C500273}"
EndProject
Project("{FAE04EC0-301F-11D3-BF4B-00C04F79EFBC}") = "Infrastructure", "Infrastructure\Infrastructure.csproj", "{8395D2FA-68A5-4C40-8D46-DBAEB6F95E27}"
EndProject
Project("{FAE04EC0-301F-11D3-BF4B-00C04F79EFBC}") = "Domain", "Domain\Domain.csproj", "{F8FA6DF7-7D12-4765-BE58-E2DAD9B4024F}"
EndProject
Project("{FAE04EC0-301F-11D3-BF4B-00C04F79EFBC}") = "Application", "Application\Application.csproj", "{6E139E14-90E9-4F81-8156-03DDA11D5882}"
EndProject
Global
	GlobalSection(SolutionConfigurationPlatforms) = preSolution
		Debug|Any CPU = Debug|Any CPU
		Release|Any CPU = Release|Any CPU
	EndGlobalSection
	GlobalSection(ProjectConfigurationPlatforms) = postSolution
		{A14D96F5-1478-4A5D-8014-7C0A7C500273}.Debug|Any CPU.ActiveCfg = Debug|Any CPU
		{A14D96F5-1478-4A5D-8014-7C0A7C500273}.Debug|Any CPU.Build.0 = Debug|Any CPU
		{A14D96F5-1478-4A5D-8014-7C0A7C500273}.Release|Any CPU.ActiveCfg = Release|Any CPU
		{A14D96F5-1478-4A5D-8014-7C0A7C500273}.Release|Any CPU.Build.0 = Release|Any CPU
		{8395D2FA-68A5-4C40-8D46-DBAEB6F95E27}.Debug|Any CPU.ActiveCfg = Debug|Any CPU
		{8395D2FA-68A5-4C40-8D46-DBAEB6F95E27}.Debug|Any CPU.Build.0 = Debug|Any CPU
		{8395D2FA-68A5-4C40-8D46-DBAEB6F95E27}.Release|Any CPU.ActiveCfg = Release|Any CPU
		{8395D2FA-68A5-4C40-8D46-DBAEB6F95E27}.Release|Any CPU.Build.0 = Release|Any CPU
		{F8FA6DF7-7D12-4765-BE58-E2DAD9B4024F}.Debug|Any CPU.ActiveCfg = Debug|Any CPU
		{F8FA6DF7-7D12-4765-BE58-E2DAD9B4024F}.Debug|Any CPU.Build.0 = Debug|Any CPU
		{F8FA6DF7-7D12-4765-BE58-E2DAD9B4024F}.Release|Any CPU.ActiveCfg = Release|Any CPU
		{F8FA6DF7-7D12-4765-BE58-E2DAD9B4024F}.Release|Any CPU.Build.0 = Release|Any CPU
		{6E139E14-90E9-4F81-8156-03DDA11D5882}.Debug|Any CPU.ActiveCfg = Debug|Any CPU
		{6E139E14-90E9-4F81-8156-03DDA11D5882}.Debug|Any CPU.Build.0 = Debug|Any CPU
		{6E139E14-90E9-4F81-8156-03DDA11D5882}.Release|Any CPU.ActiveCfg = Release|Any CPU
		{6E139E14-90E9-4F81-8156-03DDA11D5882}.Release|Any CPU.Build.0 = Release|Any CPU
	EndGlobalSection
EndGlobal
